{
  "requires": true,
  "lockfileVersion": 1,
  "dependencies": {
    "denque": {
      "version": "1.4.1",
      "resolved": "https://registry.npmjs.org/denque/-/denque-1.4.1.tgz",
      "integrity": "sha512-OfzPuSZKGcgr96rf1oODnfjqBFmr1DVoc/TrItj3Ohe0Ah1C5WX5Baquw/9U9KovnQ88EqmJbD66rKYUQYN1tQ=="
    },
    "redis": {
      "version": "3.0.2",
      "resolved": "https://registry.npmjs.org/redis/-/redis-3.0.2.tgz",
      "integrity": "sha512-PNhLCrjU6vKVuMOyFu7oSP296mwBkcE6lrAjruBYG5LgdSqtRBoVQIylrMyVZD/lkF24RSNNatzvYag6HRBHjQ==",
      "requires": {
        "denque": "^1.4.1",
        "redis-commands": "^1.5.0",
        "redis-errors": "^1.2.0",
        "redis-parser": "^3.0.0"
      }
    },
    "redis-commands": {
      "version": "1.6.0",
      "resolved": "https://registry.npmjs.org/redis-commands/-/redis-commands-1.6.0.tgz",
      "integrity": "sha512-2jnZ0IkjZxvguITjFTrGiLyzQZcTvaw8DAaCXxZq/dsHXz7KfMQ3OUJy7Tz9vnRtZRVz6VRCPDvruvU8Ts44wQ=="
    },
    "redis-errors": {
      "version": "1.2.0",
      "resolved": "https://registry.npmjs.org/redis-errors/-/redis-errors-1.2.0.tgz",
      "integrity": "sha1-62LSrbFeTq9GEMBK/hUpOEJQq60="
    },
    "redis-parser": {
      "version": "3.0.0",
      "resolved": "https://registry.npmjs.org/redis-parser/-/redis-parser-3.0.0.tgz",
      "integrity": "sha1-tm2CjNyv5rS4pCin3vTGvKwxyLQ=",
      "requires": {
        "redis-errors": "^1.0.0"
      }
    },
    "redis-url": {
      "version": "0.2.0",
      "resolved": "https://registry.npmjs.org/redis-url/-/redis-url-0.2.0.tgz",
      "integrity": "sha1-G3otrMw+qCZLH7ZWwNkB2cqcVHA=",
      "requires": {
        "redis": ">= 0.0.1"
      }
    },
    "src": {
      "version": "1.1.2",
      "resolved": "https://registry.npmjs.org/src/-/src-1.1.2.tgz",
      "integrity": "sha1-eKvdHAjKyibMbPRb1YC1bZOs+38=",
      "requires": {
        "redis-url": "~0.2.0",
        "underscore": "~1.6.0",
        "uuid": "~1.4.1"
      }
    },
    "typescript": {
      "version": "4.1.2",
      "resolved": "https://registry.npmjs.org/typescript/-/typescript-4.1.2.tgz",
      "integrity": "sha512-thGloWsGH3SOxv1SoY7QojKi0tc+8FnOmiarEGMbd/lar7QOEd3hvlx3Fp5y6FlDUGl9L+pd4n2e+oToGMmhRQ==",
      "dev": true
    },
    "underscore": {
      "version": "1.6.0",
      "resolved": "https://registry.npmjs.org/underscore/-/underscore-1.6.0.tgz",
      "integrity": "sha1-izixDKze9jM3uLJOT/htRa6lKag="
    },
    "uuid": {
      "version": "1.4.2",
      "resolved": "https://registry.npmjs.org/uuid/-/uuid-1.4.2.tgz",
      "integrity": "sha1-RTAZ9oaWam34PNxSROfJkOzDMvw="
    }
  }
}
